
Microsoft Visual Studio Solution File, Format Version 12.00
# Visual Studio Version 16
VisualStudioVersion = 16.0.28917.181
MinimumVisualStudioVersion = 10.0.40219.1
Project("{888888A0-9F3D-457C-B088-3A5042F75D52}") = "MiaoJiangGuShi", "MiaoJiangGuShi\MiaoJiangGuShi.pyproj", "{9FE26660-FCED-4162-B20A-0844B9C1FEE2}"
EndProject
Global
	GlobalSection(SolutionConfigurationPlatforms) = preSolution
		Debug|Any CPU = Debug|Any CPU
		Release|Any CPU = Release|Any CPU
	EndGlobalSection
	GlobalSection(ProjectConfigurationPlatforms) = postSolution
		{9FE26660-FCED-4162-B20A-0844B9C1FEE2}.Debug|Any CPU.ActiveCfg = Debug|Any CPU
		{9FE26660-FCED-4162-B20A-0844B9C1FEE2}.Release|Any CPU.ActiveCfg = Release|Any CPU
	EndGlobalSection
	GlobalSection(SolutionProperties) = preSolution
		HideSolutionNode = FALSE
	EndGlobalSection
	GlobalSection(ExtensibilityGlobals) = postSolution
		SolutionGuid = {2A6C49C2-F153-45AA-BCC1-71FACF3321D8}
	EndGlobalSection
EndGlobal
